
Microsoft Visual Studio Solution File, Format Version 12.00
# Visual Studio Version 16
VisualStudioVersion = 16.0.31005.135
MinimumVisualStudioVersion = 15.0.26124.0
Project("{9A19103F-16F7-4668-BE54-9A1E7A4F7556}") = "Yaggi.Desktop", "Yaggi.Desktop\Yaggi.Desktop.csproj", "{5A6B637A-4BAB-47E1-8362-4A66495E9F42}"
EndProject
Project("{9A19103F-16F7-4668-BE54-9A1E7A4F7556}") = "Yaggi.Core", "Yaggi.Core\Yaggi.Core.csproj", "{7A03DFB4-0801-472D-8425-B82E18343404}"
EndProject
Project("{9A19103F-16F7-4668-BE54-9A1E7A4F7556}") = "Yaggi.Core.Tests", "Yaggi.Core.Tests\Yaggi.Core.Tests.csproj", "{8471BE8D-C2F7-41A2-8A2E-58E78F656E2C}"
EndProject
Project("{2150E333-8FDC-42A3-9474-1A3956D46DE8}") = "Solution Items", "Solution Items", "{8A153822-9BC5-4550-9D57-00AAB5C0687E}"
	ProjectSection(SolutionItems) = preProject
		.editorconfig = .editorconfig
	EndProjectSection
EndProject
Project("{FAE04EC0-301F-11D3-BF4B-00C04F79EFBC}") = "Yaggi.Askpass", "Yaggi.Askpass\Yaggi.Askpass.csproj", "{7327A58A-DBCB-4FBA-B7DE-3C646D30AC2B}"
EndProject
Project("{FAE04EC0-301F-11D3-BF4B-00C04F79EFBC}") = "Yaggi.Core.Git.GitCommandline", "Yaggi.Core.Git.GitCommandline\Yaggi.Core.Git.GitCommandline.csproj", "{17F475B6-AF03-4B80-A198-EF430F59118A}"
EndProject
Project("{FAE04EC0-301F-11D3-BF4B-00C04F79EFBC}") = "Yaggi.Core.Git.LibGit", "Yaggi.Core.Git.LibGit\Yaggi.Core.Git.LibGit.csproj", "{EBF92496-6B0A-4AE6-8D65-253939344303}"
EndProject
Global
	GlobalSection(SolutionConfigurationPlatforms) = preSolution
		Debug|Any CPU = Debug|Any CPU
		Debug|x64 = Debug|x64
		Debug|x86 = Debug|x86
		Release|Any CPU = Release|Any CPU
		Release|x64 = Release|x64
		Release|x86 = Release|x86
	EndGlobalSection
	GlobalSection(ProjectConfigurationPlatforms) = postSolution
		{5A6B637A-4BAB-47E1-8362-4A66495E9F42}.Debug|Any CPU.ActiveCfg = Debug|Any CPU
		{5A6B637A-4BAB-47E1-8362-4A66495E9F42}.Debug|Any CPU.Build.0 = Debug|Any CPU
		{5A6B637A-4BAB-47E1-8362-4A66495E9F42}.Debug|x64.ActiveCfg = Debug|Any CPU
		{5A6B637A-4BAB-47E1-8362-4A66495E9F42}.Debug|x64.Build.0 = Debug|Any CPU
		{5A6B637A-4BAB-47E1-8362-4A66495E9F42}.Debug|x86.ActiveCfg = Debug|Any CPU
		{5A6B637A-4BAB-47E1-8362-4A66495E9F42}.Debug|x86.Build.0 = Debug|Any CPU
		{5A6B637A-4BAB-47E1-8362-4A66495E9F42}.Release|Any CPU.ActiveCfg = Release|Any CPU
		{5A6B637A-4BAB-47E1-8362-4A66495E9F42}.Release|Any CPU.Build.0 = Release|Any CPU
		{5A6B637A-4BAB-47E1-8362-4A66495E9F42}.Release|x64.ActiveCfg = Release|Any CPU
		{5A6B637A-4BAB-47E1-8362-4A66495E9F42}.Release|x64.Build.0 = Release|Any CPU
		{5A6B637A-4BAB-47E1-8362-4A66495E9F42}.Release|x86.ActiveCfg = Release|Any CPU
		{5A6B637A-4BAB-47E1-8362-4A66495E9F42}.Release|x86.Build.0 = Release|Any CPU
		{7A03DFB4-0801-472D-8425-B82E18343404}.Debug|Any CPU.ActiveCfg = Debug|Any CPU
		{7A03DFB4-0801-472D-8425-B82E18343404}.Debug|Any CPU.Build.0 = Debug|Any CPU
		{7A03DFB4-0801-472D-8425-B82E18343404}.Debug|x64.ActiveCfg = Debug|Any CPU
		{7A03DFB4-0801-472D-8425-B82E18343404}.Debug|x64.Build.0 = Debug|Any CPU
		{7A03DFB4-0801-472D-8425-B82E18343404}.Debug|x86.ActiveCfg = Debug|Any CPU
		{7A03DFB4-0801-472D-8425-B82E18343404}.Debug|x86.Build.0 = Debug|Any CPU
		{7A03DFB4-0801-472D-8425-B82E18343404}.Release|Any CPU.ActiveCfg = Release|Any CPU
		{7A03DFB4-0801-472D-8425-B82E18343404}.Release|Any CPU.Build.0 = Release|Any CPU
		{7A03DFB4-0801-472D-8425-B82E18343404}.Release|x64.ActiveCfg = Release|Any CPU
		{7A03DFB4-0801-472D-8425-B82E18343404}.Release|x64.Build.0 = Release|Any CPU
		{7A03DFB4-0801-472D-8425-B82E18343404}.Release|x86.ActiveCfg = Release|Any CPU
		{7A03DFB4-0801-472D-8425-B82E18343404}.Release|x86.Build.0 = Release|Any CPU
		{8471BE8D-C2F7-41A2-8A2E-58E78F656E2C}.Debug|Any CPU.ActiveCfg = Debug|Any CPU
		{8471BE8D-C2F7-41A2-8A2E-58E78F656E2C}.Debug|Any CPU.Build.0 = Debug|Any CPU
		{8471BE8D-C2F7-41A2-8A2E-58E78F656E2C}.Debug|x64.ActiveCfg = Debug|Any CPU
		{8471BE8D-C2F7-41A2-8A2E-58E78F656E2C}.Debug|x64.Build.0 = Debug|Any CPU
		{8471BE8D-C2F7-41A2-8A2E-58E78F656E2C}.Debug|x86.ActiveCfg = Debug|Any CPU
		{8471BE8D-C2F7-41A2-8A2E-58E78F656E2C}.Debug|x86.Build.0 = Debug|Any CPU
		{8471BE8D-C2F7-41A2-8A2E-58E78F656E2C}.Release|Any CPU.ActiveCfg = Release|Any CPU
		{8471BE8D-C2F7-41A2-8A2E-58E78F656E2C}.Release|Any CPU.Build.0 = Release|Any CPU
		{8471BE8D-C2F7-41A2-8A2E-58E78F656E2C}.Release|x64.ActiveCfg = Release|Any CPU
		{8471BE8D-C2F7-41A2-8A2E-58E78F656E2C}.Release|x64.Build.0 = Release|Any CPU
		{8471BE8D-C2F7-41A2-8A2E-58E78F656E2C}.Release|x86.ActiveCfg = Release|Any CPU
		{8471BE8D-C2F7-41A2-8A2E-58E78F656E2C}.Release|x86.Build.0 = Release|Any CPU
		{7327A58A-DBCB-4FBA-B7DE-3C646D30AC2B}.Debug|Any CPU.ActiveCfg = Debug|Any CPU
		{7327A58A-DBCB-4FBA-B7DE-3C646D30AC2B}.Debug|Any CPU.Build.0 = Debug|Any CPU
		{7327A58A-DBCB-4FBA-B7DE-3C646D30AC2B}.Debug|x64.ActiveCfg = Debug|Any CPU
		{7327A58A-DBCB-4FBA-B7DE-3C646D30AC2B}.Debug|x64.Build.0 = Debug|Any CPU
		{7327A58A-DBCB-4FBA-B7DE-3C646D30AC2B}.Debug|x86.ActiveCfg = Debug|Any CPU
		{7327A58A-DBCB-4FBA-B7DE-3C646D30AC2B}.Debug|x86.Build.0 = Debug|Any CPU
		{7327A58A-DBCB-4FBA-B7DE-3C646D30AC2B}.Release|Any CPU.ActiveCfg = Release|Any CPU
		{7327A58A-DBCB-4FBA-B7DE-3C646D30AC2B}.Release|Any CPU.Build.0 = Release|Any CPU
		{7327A58A-DBCB-4FBA-B7DE-3C646D30AC2B}.Release|x64.ActiveCfg = Release|Any CPU
		{7327A58A-DBCB-4FBA-B7DE-3C646D30AC2B}.Release|x64.Build.0 = Release|Any CPU
		{7327A58A-DBCB-4FBA-B7DE-3C646D30AC2B}.Release|x86.ActiveCfg = Release|Any CPU
		{7327A58A-DBCB-4FBA-B7DE-3C646D30AC2B}.Release|x86.Build.0 = Release|Any CPU
		{17F475B6-AF03-4B80-A198-EF430F59118A}.Debug|Any CPU.ActiveCfg = Debug|Any CPU
		{17F475B6-AF03-4B80-A198-EF430F59118A}.Debug|Any CPU.Build.0 = Debug|Any CPU
		{17F475B6-AF03-4B80-A198-EF430F59118A}.Debug|x64.ActiveCfg = Debug|Any CPU
		{17F475B6-AF03-4B80-A198-EF430F59118A}.Debug|x64.Build.0 = Debug|Any CPU
		{17F475B6-AF03-4B80-A198-EF430F59118A}.Debug|x86.ActiveCfg = Debug|Any CPU
		{17F475B6-AF03-4B80-A198-EF430F59118A}.Debug|x86.Build.0 = Debug|Any CPU
		{17F475B6-AF03-4B80-A198-EF430F59118A}.Release|Any CPU.ActiveCfg = Release|Any CPU
		{17F475B6-AF03-4B80-A198-EF430F59118A}.Release|Any CPU.Build.0 = Release|Any CPU
		{17F475B6-AF03-4B80-A198-EF430F59118A}.Release|x64.ActiveCfg = Release|Any CPU
		{17F475B6-AF03-4B80-A198-EF430F59118A}.Release|x64.Build.0 = Release|Any CPU
		{17F475B6-AF03-4B80-A198-EF430F59118A}.Release|x86.ActiveCfg = Release|Any CPU
		{17F475B6-AF03-4B80-A198-EF430F59118A}.Release|x86.Build.0 = Release|Any CPU
		{EBF92496-6B0A-4AE6-8D65-253939344303}.Debug|Any CPU.ActiveCfg = Debug|Any CPU
		{EBF92496-6B0A-4AE6-8D65-253939344303}.Debug|Any CPU.Build.0 = Debug|Any CPU
		{EBF92496-6B0A-4AE6-8D65-253939344303}.Debug|x64.ActiveCfg = Debug|Any CPU
		{EBF92496-6B0A-4AE6-8D65-253939344303}.Debug|x64.Build.0 = Debug|Any CPU
		{EBF92496-6B0A-4AE6-8D65-253939344303}.Debug|x86.ActiveCfg = Debug|Any CPU
		{EBF92496-6B0A-4AE6-8D65-253939344303}.Debug|x86.Build.0 = Debug|Any CPU
		{EBF92496-6B0A-4AE6-8D65-253939344303}.Release|Any CPU.ActiveCfg = Release|Any CPU
		{EBF92496-6B0A-4AE6-8D65-253939344303}.Release|Any CPU.Build.0 = Release|Any CPU
		{EBF92496-6B0A-4AE6-8D65-253939344303}.Release|x64.ActiveCfg = Release|Any CPU
		{EBF92496-6B0A-4AE6-8D65-253939344303}.Release|x64.Build.0 = Release|Any CPU
		{EBF92496-6B0A-4AE6-8D65-253939344303}.Release|x86.ActiveCfg = Release|Any CPU
		{EBF92496-6B0A-4AE6-8D65-253939344303}.Release|x86.Build.0 = Release|Any CPU
	EndGlobalSection
	GlobalSection(SolutionProperties) = preSolution
		HideSolutionNode = FALSE
	EndGlobalSection
	GlobalSection(ExtensibilityGlobals) = postSolution
		SolutionGuid = {0035AD94-1DBB-4F1F-A927-93AC74B6BCE8}
	EndGlobalSection
EndGlobal
